
Microsoft Visual Studio Solution File, Format Version 12.00
# Visual Studio 2012
Project("{FAE04EC0-301F-11D3-BF4B-00C04F79EFBC}") = "Blog.WebUI", "Blog.WebUI\Blog.WebUI.csproj", "{AEE31271-5CE8-4F25-AF86-A9D6A5659B7A}"
EndProject
Project("{FAE04EC0-301F-11D3-BF4B-00C04F79EFBC}") = "Blog.Entities", "Blog.Entities\Blog.Entities.csproj", "{9ADA3182-17E8-4769-A2B2-1910111484CF}"
EndProject
Project("{FAE04EC0-301F-11D3-BF4B-00C04F79EFBC}") = "Blog.Dal", "Blog.Dal\Blog.Dal.csproj", "{7C846861-FC25-4F36-8074-7670C3523B49}"
EndProject
Global
	GlobalSection(SolutionConfigurationPlatforms) = preSolution
		Debug|Any CPU = Debug|Any CPU
		Release|Any CPU = Release|Any CPU
	EndGlobalSection
	GlobalSection(ProjectConfigurationPlatforms) = postSolution
		{AEE31271-5CE8-4F25-AF86-A9D6A5659B7A}.Debug|Any CPU.ActiveCfg = Debug|Any CPU
		{AEE31271-5CE8-4F25-AF86-A9D6A5659B7A}.Debug|Any CPU.Build.0 = Debug|Any CPU
		{AEE31271-5CE8-4F25-AF86-A9D6A5659B7A}.Release|Any CPU.ActiveCfg = Release|Any CPU
		{AEE31271-5CE8-4F25-AF86-A9D6A5659B7A}.Release|Any CPU.Build.0 = Release|Any CPU
		{9ADA3182-17E8-4769-A2B2-1910111484CF}.Debug|Any CPU.ActiveCfg = Debug|Any CPU
		{9ADA3182-17E8-4769-A2B2-1910111484CF}.Debug|Any CPU.Build.0 = Debug|Any CPU
		{9ADA3182-17E8-4769-A2B2-1910111484CF}.Release|Any CPU.ActiveCfg = Release|Any CPU
		{9ADA3182-17E8-4769-A2B2-1910111484CF}.Release|Any CPU.Build.0 = Release|Any CPU
		{7C846861-FC25-4F36-8074-7670C3523B49}.Debug|Any CPU.ActiveCfg = Debug|Any CPU
		{7C846861-FC25-4F36-8074-7670C3523B49}.Debug|Any CPU.Build.0 = Debug|Any CPU
		{7C846861-FC25-4F36-8074-7670C3523B49}.Release|Any CPU.ActiveCfg = Release|Any CPU
		{7C846861-FC25-4F36-8074-7670C3523B49}.Release|Any CPU.Build.0 = Release|Any CPU
	EndGlobalSection
	GlobalSection(SolutionProperties) = preSolution
		HideSolutionNode = FALSE
	EndGlobalSection
EndGlobal
